
Microsoft Visual Studio Solution File, Format Version 12.00
# Visual Studio Version 17
VisualStudioVersion = 17.14.36408.4 d17.14
MinimumVisualStudioVersion = 10.0.40219.1
Project("{FAE04EC0-301F-11D3-BF4B-00C04F79EFBC}") = "LTTQ_G2_2025", "LTTQ_G2_2025.csproj", "{BE10B66F-7863-4D1B-843A-A3D382912DE2}"
EndProject
Global
	GlobalSection(SolutionConfigurationPlatforms) = preSolution
		Debug|Any CPU = Debug|Any CPU
		Release|Any CPU = Release|Any CPU
	EndGlobalSection
	GlobalSection(ProjectConfigurationPlatforms) = postSolution
		{BE10B66F-7863-4D1B-843A-A3D382912DE2}.Debug|Any CPU.ActiveCfg = Debug|Any CPU
		{BE10B66F-7863-4D1B-843A-A3D382912DE2}.Debug|Any CPU.Build.0 = Debug|Any CPU
		{BE10B66F-7863-4D1B-843A-A3D382912DE2}.Release|Any CPU.ActiveCfg = Release|Any CPU
		{BE10B66F-7863-4D1B-843A-A3D382912DE2}.Release|Any CPU.Build.0 = Release|Any CPU
	EndGlobalSection
	GlobalSection(SolutionProperties) = preSolution
		HideSolutionNode = FALSE
	EndGlobalSection
	GlobalSection(ExtensibilityGlobals) = postSolution
		SolutionGuid = {33A7D682-6E6D-4DF4-AF02-9F948C9BBEC7}
	EndGlobalSection
EndGlobal
